
Microsoft Visual Studio Solution File, Format Version 12.00
# Visual Studio 15
VisualStudioVersion = 15.0.27004.2005
MinimumVisualStudioVersion = 10.0.40219.1
Project("{FAE04EC0-301F-11D3-BF4B-00C04F79EFBC}") = "OSHackApp", "OSHackApp\OSHackApp.csproj", "{AEB95541-9760-4047-9EEE-89143D022784}"
EndProject
Global
	GlobalSection(SolutionConfigurationPlatforms) = preSolution
		Debug|Any CPU = Debug|Any CPU
		Release|Any CPU = Release|Any CPU
	EndGlobalSection
	GlobalSection(ProjectConfigurationPlatforms) = postSolution
		{AEB95541-9760-4047-9EEE-89143D022784}.Debug|Any CPU.ActiveCfg = Debug|Any CPU
		{AEB95541-9760-4047-9EEE-89143D022784}.Debug|Any CPU.Build.0 = Debug|Any CPU
		{AEB95541-9760-4047-9EEE-89143D022784}.Debug|Any CPU.Deploy.0 = Debug|Any CPU
		{AEB95541-9760-4047-9EEE-89143D022784}.Release|Any CPU.ActiveCfg = Release|Any CPU
		{AEB95541-9760-4047-9EEE-89143D022784}.Release|Any CPU.Build.0 = Release|Any CPU
		{AEB95541-9760-4047-9EEE-89143D022784}.Release|Any CPU.Deploy.0 = Release|Any CPU
	EndGlobalSection
	GlobalSection(SolutionProperties) = preSolution
		HideSolutionNode = FALSE
	EndGlobalSection
	GlobalSection(ExtensibilityGlobals) = postSolution
		SolutionGuid = {A37003E0-3A4A-4F69-8C25-503657D9C2C7}
	EndGlobalSection
EndGlobal
